
Microsoft Visual Studio Solution File, Format Version 12.00
# Visual Studio 15
Project("{FAE04EC0-301F-11D3-BF4B-00C04F79EFBC}") = "MusicPlaylistAnalyzer", "MusicPlaylistAnalyzer\MusicPlaylistAnalyzer.csproj", "{BBE03C34-CDCE-4E4D-9594-63283B153146}"
EndProject
Global
	GlobalSection(SolutionConfigurationPlatforms) = preSolution
		Debug|Any CPU = Debug|Any CPU
		Release|Any CPU = Release|Any CPU
	EndGlobalSection
	GlobalSection(ProjectConfigurationPlatforms) = postSolution
		{BBE03C34-CDCE-4E4D-9594-63283B153146}.Debug|Any CPU.ActiveCfg = Debug|Any CPU
		{BBE03C34-CDCE-4E4D-9594-63283B153146}.Debug|Any CPU.Build.0 = Debug|Any CPU
		{BBE03C34-CDCE-4E4D-9594-63283B153146}.Release|Any CPU.ActiveCfg = Release|Any CPU
		{BBE03C34-CDCE-4E4D-9594-63283B153146}.Release|Any CPU.Build.0 = Release|Any CPU
	EndGlobalSection
EndGlobal
